
Microsoft Visual Studio Solution File, Format Version 12.00
# Visual Studio Version 17
VisualStudioVersion = 17.7.34221.43
MinimumVisualStudioVersion = 10.0.40219.1
Project("{FAE04EC0-301F-11D3-BF4B-00C04F79EFBC}") = "LoginForm", "LoginForm.csproj", "{0663FB1E-02A1-4BE6-92F7-C06334ABA443}"
EndProject
Global
	GlobalSection(SolutionConfigurationPlatforms) = preSolution
		Debug|Any CPU = Debug|Any CPU
		Release|Any CPU = Release|Any CPU
	EndGlobalSection
	GlobalSection(ProjectConfigurationPlatforms) = postSolution
		{0663FB1E-02A1-4BE6-92F7-C06334ABA443}.Debug|Any CPU.ActiveCfg = Debug|Any CPU
		{0663FB1E-02A1-4BE6-92F7-C06334ABA443}.Debug|Any CPU.Build.0 = Debug|Any CPU
		{0663FB1E-02A1-4BE6-92F7-C06334ABA443}.Release|Any CPU.ActiveCfg = Release|Any CPU
		{0663FB1E-02A1-4BE6-92F7-C06334ABA443}.Release|Any CPU.Build.0 = Release|Any CPU
	EndGlobalSection
	GlobalSection(SolutionProperties) = preSolution
		HideSolutionNode = FALSE
	EndGlobalSection
	GlobalSection(ExtensibilityGlobals) = postSolution
		SolutionGuid = {04C41BA3-E761-444A-98D6-9A9ACF205AC2}
	EndGlobalSection
EndGlobal
